
Microsoft Visual Studio Solution File, Format Version 12.00
# Visual Studio Version 17
VisualStudioVersion = 17.7.34018.315
MinimumVisualStudioVersion = 10.0.40219.1
Project("{2150E333-8FDC-42A3-9474-1A3956D46DE8}") = "src", "src", "{4CE91A78-9238-422D-BCB8-82FA330F998D}"
EndProject
Project("{2150E333-8FDC-42A3-9474-1A3956D46DE8}") = "tests", "tests", "{AFB972AA-6C5E-4733-8019-BF1B9862EF12}"
EndProject
Project("{FAE04EC0-301F-11D3-BF4B-00C04F79EFBC}") = "Pustok.Core", "src\Pustok.Core\Pustok.Core.csproj", "{E7C6E481-758E-42B8-8BCE-2E90C76C1B11}"
EndProject
Project("{FAE04EC0-301F-11D3-BF4B-00C04F79EFBC}") = "Pustok.DataAccess", "src\Pustok.DataAccess\Pustok.DataAccess.csproj", "{107284C3-9B05-4043-A61B-DF4EC413BD1F}"
EndProject
Project("{FAE04EC0-301F-11D3-BF4B-00C04F79EFBC}") = "Pustok.Business", "src\Pustok.Business\Pustok.Business.csproj", "{A6059294-BFAF-4042-BC47-28BC63DBFAD3}"
EndProject
Project("{FAE04EC0-301F-11D3-BF4B-00C04F79EFBC}") = "Pustok.API", "src\Pustok.API\Pustok.API.csproj", "{F4F1F95A-1F3D-49F9-8D8D-E8B35B375A74}"
EndProject
Global
	GlobalSection(SolutionConfigurationPlatforms) = preSolution
		Debug|Any CPU = Debug|Any CPU
		Release|Any CPU = Release|Any CPU
	EndGlobalSection
	GlobalSection(ProjectConfigurationPlatforms) = postSolution
		{E7C6E481-758E-42B8-8BCE-2E90C76C1B11}.Debug|Any CPU.ActiveCfg = Debug|Any CPU
		{E7C6E481-758E-42B8-8BCE-2E90C76C1B11}.Debug|Any CPU.Build.0 = Debug|Any CPU
		{E7C6E481-758E-42B8-8BCE-2E90C76C1B11}.Release|Any CPU.ActiveCfg = Release|Any CPU
		{E7C6E481-758E-42B8-8BCE-2E90C76C1B11}.Release|Any CPU.Build.0 = Release|Any CPU
		{107284C3-9B05-4043-A61B-DF4EC413BD1F}.Debug|Any CPU.ActiveCfg = Debug|Any CPU
		{107284C3-9B05-4043-A61B-DF4EC413BD1F}.Debug|Any CPU.Build.0 = Debug|Any CPU
		{107284C3-9B05-4043-A61B-DF4EC413BD1F}.Release|Any CPU.ActiveCfg = Release|Any CPU
		{107284C3-9B05-4043-A61B-DF4EC413BD1F}.Release|Any CPU.Build.0 = Release|Any CPU
		{A6059294-BFAF-4042-BC47-28BC63DBFAD3}.Debug|Any CPU.ActiveCfg = Debug|Any CPU
		{A6059294-BFAF-4042-BC47-28BC63DBFAD3}.Debug|Any CPU.Build.0 = Debug|Any CPU
		{A6059294-BFAF-4042-BC47-28BC63DBFAD3}.Release|Any CPU.ActiveCfg = Release|Any CPU
		{A6059294-BFAF-4042-BC47-28BC63DBFAD3}.Release|Any CPU.Build.0 = Release|Any CPU
		{F4F1F95A-1F3D-49F9-8D8D-E8B35B375A74}.Debug|Any CPU.ActiveCfg = Debug|Any CPU
		{F4F1F95A-1F3D-49F9-8D8D-E8B35B375A74}.Debug|Any CPU.Build.0 = Debug|Any CPU
		{F4F1F95A-1F3D-49F9-8D8D-E8B35B375A74}.Release|Any CPU.ActiveCfg = Release|Any CPU
		{F4F1F95A-1F3D-49F9-8D8D-E8B35B375A74}.Release|Any CPU.Build.0 = Release|Any CPU
	EndGlobalSection
	GlobalSection(SolutionProperties) = preSolution
		HideSolutionNode = FALSE
	EndGlobalSection
	GlobalSection(NestedProjects) = preSolution
		{E7C6E481-758E-42B8-8BCE-2E90C76C1B11} = {4CE91A78-9238-422D-BCB8-82FA330F998D}
		{107284C3-9B05-4043-A61B-DF4EC413BD1F} = {4CE91A78-9238-422D-BCB8-82FA330F998D}
		{A6059294-BFAF-4042-BC47-28BC63DBFAD3} = {4CE91A78-9238-422D-BCB8-82FA330F998D}
		{F4F1F95A-1F3D-49F9-8D8D-E8B35B375A74} = {4CE91A78-9238-422D-BCB8-82FA330F998D}
	EndGlobalSection
	GlobalSection(ExtensibilityGlobals) = postSolution
		SolutionGuid = {6FF4CCA6-BCCB-438C-A0DC-F4EF92940FB6}
	EndGlobalSection
EndGlobal
